// !$*UTF8*$!
{
	archiveVersion = 1;
	classes = {
	};
	objectVersion = 77;
	objects = {

/* Begin PBXBuildFile section */
		CE12650B2E673F6E005113CD /* Alamofire in Frameworks */ = {isa = PBXBuildFile; productRef = CE12650A2E673F6E005113CD /* Alamofire */; };
/* End PBXBuildFile section */

/* Begin PBXContainerItemProxy section */
		CE59A59A2DFB1D2900C2B727 /* PBXContainerItemProxy */ = {
			isa = PBXContainerItemProxy;
			containerPortal = CE59A5842DFB1D2800C2B727 /* Project object */;
			proxyType = 1;
			remoteGlobalIDString = CE59A58B2DFB1D2800C2B727;
			remoteInfo = takealook;
		};
		CE59A5A42DFB1D2900C2B727 /* PBXContainerItemProxy */ = {
			isa = PBXContainerItemProxy;
			containerPortal = CE59A5842DFB1D2800C2B727 /* Project object */;
			proxyType = 1;
			remoteGlobalIDString = CE59A58B2DFB1D2800C2B727;
			remoteInfo = takealook;
		};
/* End PBXContainerItemProxy section */

/* Begin PBXFileReference section */
		CE59A58C2DFB1D2800C2B727 /* takealook.app */ = {isa = PBXFileReference; explicitFileType = wrapper.application; includeInIndex = 0; path = takealook.app; sourceTree = BUILT_PRODUCTS_DIR; };
		CE59A5992DFB1D2900C2B727 /* takealookTests.xctest */ = {isa = PBXFileReference; explicitFileType = wrapper.cfbundle; includeInIndex = 0; path = takealookTests.xctest; sourceTree = BUILT_PRODUCTS_DIR; };
		CE59A5A32DFB1D2900C2B727 /* takealookUITests.xctest */ = {isa = PBXFileReference; explicitFileType = wrapper.cfbundle; includeInIndex = 0; path = takealookUITests.xctest; sourceTree = BUILT_PRODUCTS_DIR; };
/* End PBXFileReference section */

/* Begin PBXFileSystemSynchronizedBuildFileExceptionSet section */
		CE1265072E673EBA005113CD /* Exceptions for "takealook" folder in "takealook" target */ = {
			isa = PBXFileSystemSynchronizedBuildFileExceptionSet;
			membershipExceptions = (
				Info.plist,
			);
			target = CE59A58B2DFB1D2800C2B727 /* takealook */;
		};
/* End PBXFileSystemSynchronizedBuildFileExceptionSet section */

/* Begin PBXFileSystemSynchronizedRootGroup section */
		CE59A58E2DFB1D2800C2B727 /* takealook */ = {
			isa = PBXFileSystemSynchronizedRootGroup;
			exceptions = (
				CE1265072E673EBA005113CD /* Exceptions for "takealook" folder in "takealook" target */,
			);
			path = takealook;
			sourceTree = "<group>";
		};
		CE59A59C2DFB1D2900C2B727 /* takealookTests */ = {
			isa = PBXFileSystemSynchronizedRootGroup;
			path = takealookTests;
			sourceTree = "<group>";
		};
		CE59A5A62DFB1D2900C2B727 /* takealookUITests */ = {
			isa = PBXFileSystemSynchronizedRootGroup;
			path = takealookUITests;
			sourceTree = "<group>";
		};
/* End PBXFileSystemSynchronizedRootGroup section */

/* Begin PBXFrameworksBuildPhase section */
		CE59A5892DFB1D2800C2B727 /* Frameworks */ = {
			isa = PBXFrameworksBuildPhase;
			buildActionMask = 2147483647;
			files = (
				CE12650B2E673F6E005113CD /* Alamofire in Frameworks */,
			);
			runOnlyForDeploymentPostprocessing = 0;
		};
		CE59A5962DFB1D2900C2B727 /* Frameworks */ = {
			isa = PBXFrameworksBuildPhase;
			buildActionMask = 2147483647;
			files = (
			);
			runOnlyForDeploymentPostprocessing = 0;
		};
		CE59A5A02DFB1D2900C2B727 /* Frameworks */ = {
			isa = PBXFrameworksBuildPhase;
			buildActionMask = 2147483647;
			files = (
			);
			runOnlyForDeploymentPostprocessing = 0;
		};
/* End PBXFrameworksBuildPhase section */

/* Begin PBXGroup section */
		CE1265092E673F6E005113CD /* Frameworks */ = {
			isa = PBXGroup;
			children = (
			);
			name = Frameworks;
			sourceTree = "<group>";
		};
		CE59A5832DFB1D2800C2B727 = {
			isa = PBXGroup;
			children = (
				CE59A58E2DFB1D2800C2B727 /* takealook */,
				CE59A59C2DFB1D2900C2B727 /* takealookTests */,
				CE59A5A62DFB1D2900C2B727 /* takealookUITests */,
				CE1265092E673F6E005113CD /* Frameworks */,
				CE59A58D2DFB1D2800C2B727 /* Products */,
			);
			sourceTree = "<group>";
		};
		CE59A58D2DFB1D2800C2B727 /* Products */ = {
			isa = PBXGroup;
			children = (
				CE59A58C2DFB1D2800C2B727 /* takealook.app */,
				CE59A5992DFB1D2900C2B727 /* takealookTests.xctest */,
				CE59A5A32DFB1D2900C2B727 /* takealookUITests.xctest */,
			);
			name = Products;
			sourceTree = "<group>";
		};
/* End PBXGroup section */

/* Begin PBXNativeTarget section */
		CE59A58B2DFB1D2800C2B727 /* takealook */ = {
			isa = PBXNativeTarget;
			buildConfigurationList = CE59A5AD2DFB1D2900C2B727 /* Build configuration list for PBXNativeTarget "takealook" */;
			buildPhases = (
				CE59A5882DFB1D2800C2B727 /* Sources */,
				CE59A5892DFB1D2800C2B727 /* Frameworks */,
				CE59A58A2DFB1D2800C2B727 /* Resources */,
			);
			buildRules = (
			);
			dependencies = (
			);
			fileSystemSynchronizedGroups = (
				CE59A58E2DFB1D2800C2B727 /* takealook */,
			);
			name = takealook;
			packageProductDependencies = (
				CE12650A2E673F6E005113CD /* Alamofire */,
			);
			productName = takealook;
			productReference = CE59A58C2DFB1D2800C2B727 /* takealook.app */;
			productType = "com.apple.product-type.application";
		};
		CE59A5982DFB1D2900C2B727 /* takealookTests */ = {
			isa = PBXNativeTarget;
			buildConfigurationList = CE59A5B02DFB1D2900C2B727 /* Build configuration list for PBXNativeTarget "takealookTests" */;
			buildPhases = (
				CE59A5952DFB1D2900C2B727 /* Sources */,
				CE59A5962DFB1D2900C2B727 /* Frameworks */,
				CE59A5972DFB1D2900C2B727 /* Resources */,
			);
			buildRules = (
			);
			dependencies = (
				CE59A59B2DFB1D2900C2B727 /* PBXTargetDependency */,
			);
			fileSystemSynchronizedGroups = (
				CE59A59C2DFB1D2900C2B727 /* takealookTests */,
			);
			name = takealookTests;
			packageProductDependencies = (
			);
			productName = takealookTests;
			productReference = CE59A5992DFB1D2900C2B727 /* takealookTests.xctest */;
			productType = "com.apple.product-type.bundle.unit-test";
		};
		CE59A5A22DFB1D2900C2B727 /* takealookUITests */ = {
			isa = PBXNativeTarget;
			buildConfigurationList = CE59A5B32DFB1D2900C2B727 /* Build configuration list for PBXNativeTarget "takealookUITests" */;
			buildPhases = (
				CE59A59F2DFB1D2900C2B727 /* Sources */,
				CE59A5A02DFB1D2900C2B727 /* Frameworks */,
				CE59A5A12DFB1D2900C2B727 /* Resources */,
			);
			buildRules = (
			);
			dependencies = (
				CE59A5A52DFB1D2900C2B727 /* PBXTargetDependency */,
			);
			fileSystemSynchronizedGroups = (
				CE59A5A62DFB1D2900C2B727 /* takealookUITests */,
			);
			name = takealookUITests;
			packageProductDependencies = (
			);
			productName = takealookUITests;
			productReference = CE59A5A32DFB1D2900C2B727 /* takealookUITests.xctest */;
			productType = "com.apple.product-type.bundle.ui-testing";
		};
/* End PBXNativeTarget section */

/* Begin PBXProject section */
		CE59A5842DFB1D2800C2B727 /* Project object */ = {
			isa = PBXProject;
			attributes = {
				BuildIndependentTargetsInParallel = 1;
				LastSwiftUpdateCheck = 1640;
				LastUpgradeCheck = 1640;
				TargetAttributes = {
					CE59A58B2DFB1D2800C2B727 = {
						CreatedOnToolsVersion = 16.4;
					};
					CE59A5982DFB1D2900C2B727 = {
						CreatedOnToolsVersion = 16.4;
						TestTargetID = CE59A58B2DFB1D2800C2B727;
					};
					CE59A5A22DFB1D2900C2B727 = {
						CreatedOnToolsVersion = 16.4;
						TestTargetID = CE59A58B2DFB1D2800C2B727;
					};
				};
			};
			buildConfigurationList = CE59A5872DFB1D2800C2B727 /* Build configuration list for PBXProject "takealook" */;
			developmentRegion = en;
			hasScannedForEncodings = 0;
			knownRegions = (
				en,
				Base,
			);
			mainGroup = CE59A5832DFB1D2800C2B727;
			minimizedProjectReferenceProxies = 1;
			packageReferences = (
				CE1265062E673D76005113CD /* XCRemoteSwiftPackageReference "Alamofire" */,
			);
			preferredProjectObjectVersion = 77;
			productRefGroup = CE59A58D2DFB1D2800C2B727 /* Products */;
			projectDirPath = "";
			projectRoot = "";
			targets = (
				CE59A58B2DFB1D2800C2B727 /* takealook */,
				CE59A5982DFB1D2900C2B727 /* takealookTests */,
				CE59A5A22DFB1D2900C2B727 /* takealookUITests */,
			);
		};
/* End PBXProject section */

/* Begin PBXResourcesBuildPhase section */
		CE59A58A2DFB1D2800C2B727 /* Resources */ = {
			isa = PBXResourcesBuildPhase;
			buildActionMask = 2147483647;
			files = (
			);
			runOnlyForDeploymentPostprocessing = 0;
		};
		CE59A5972DFB1D2900C2B727 /* Resources */ = {
			isa = PBXResourcesBuildPhase;
			buildActionMask = 2147483647;
			files = (
			);
			runOnlyForDeploymentPostprocessing = 0;
		};
		CE59A5A12DFB1D2900C2B727 /* Resources */ = {
			isa = PBXResourcesBuildPhase;
			buildActionMask = 2147483647;
			files = (
			);
			runOnlyForDeploymentPostprocessing = 0;
		};
/* End PBXResourcesBuildPhase section */

/* Begin PBXSourcesBuildPhase section */
		CE59A5882DFB1D2800C2B727 /* Sources */ = {
			isa = PBXSourcesBuildPhase;
			buildActionMask = 2147483647;
			files = (
			);
			runOnlyForDeploymentPostprocessing = 0;
		};
		CE59A5952DFB1D2900C2B727 /* Sources */ = {
			isa = PBXSourcesBuildPhase;
			buildActionMask = 2147483647;
			files = (
			);
			runOnlyForDeploymentPostprocessing = 0;
		};
		CE59A59F2DFB1D2900C2B727 /* Sources */ = {
			isa = PBXSourcesBuildPhase;
			buildActionMask = 2147483647;
			files = (
			);
			runOnlyForDeploymentPostprocessing = 0;
		};
/* End PBXSourcesBuildPhase section */

/* Begin PBXTargetDependency section */
		CE59A59B2DFB1D2900C2B727 /* PBXTargetDependency */ = {
			isa = PBXTargetDependency;
			target = CE59A58B2DFB1D2800C2B727 /* takealook */;
			targetProxy = CE59A59A2DFB1D2900C2B727 /* PBXContainerItemProxy */;
		};
		CE59A5A52DFB1D2900C2B727 /* PBXTargetDependency */ = {
			isa = PBXTargetDependency;
			target = CE59A58B2DFB1D2800C2B727 /* takealook */;
			targetProxy = CE59A5A42DFB1D2900C2B727 /* PBXContainerItemProxy */;
		};
/* End PBXTargetDependency section */

/* Begin XCBuildConfiguration section */
		CE59A5AB2DFB1D2900C2B727 /* Debug */ = {
			isa = XCBuildConfiguration;
			buildSettings = {
				ALWAYS_SEARCH_USER_PATHS = NO;
				ASSETCATALOG_COMPILER_GENERATE_SWIFT_ASSET_SYMBOL_EXTENSIONS = YES;
				CLANG_ANALYZER_NONNULL = YES;
				CLANG_ANALYZER_NUMBER_OBJECT_CONVERSION = YES_AGGRESSIVE;
				CLANG_CXX_LANGUAGE_STANDARD = "gnu++20";
				CLANG_ENABLE_MODULES = YES;
				CLANG_ENABLE_OBJC_ARC = YES;
				CLANG_ENABLE_OBJC_WEAK = YES;
				CLANG_WARN_BLOCK_CAPTURE_AUTORELEASING = YES;
				CLANG_WARN_BOOL_CONVERSION = YES;
				CLANG_WARN_COMMA = YES;
				CLANG_WARN_CONSTANT_CONVERSION = YES;
				CLANG_WARN_DEPRECATED_OBJC_IMPLEMENTATIONS = YES;
				CLANG_WARN_DIRECT_OBJC_ISA_USAGE = YES_ERROR;
				CLANG_WARN_DOCUMENTATION_COMMENTS = YES;
				CLANG_WARN_EMPTY_BODY = YES;
				CLANG_WARN_ENUM_CONVERSION = YES;
				CLANG_WARN_INFINITE_RECURSION = YES;
				CLANG_WARN_INT_CONVERSION = YES;
				CLANG_WARN_NON_LITERAL_NULL_CONVERSION = YES;
				CLANG_WARN_OBJC_IMPLICIT_RETAIN_SELF = YES;
				CLANG_WARN_OBJC_LITERAL_CONVERSION = YES;
				CLANG_WARN_OBJC_ROOT_CLASS = YES_ERROR;
				CLANG_WARN_QUOTED_INCLUDE_IN_FRAMEWORK_HEADER = YES;
				CLANG_WARN_RANGE_LOOP_ANALYSIS = YES;
				CLANG_WARN_STRICT_PROTOTYPES = YES;
				CLANG_WARN_SUSPICIOUS_MOVE = YES;
				CLANG_WARN_UNGUARDED_AVAILABILITY = YES_AGGRESSIVE;
				CLANG_WARN_UNREACHABLE_CODE = YES;
				CLANG_WARN__DUPLICATE_METHOD_MATCH = YES;
				COPY_PHASE_STRIP = NO;
				DEBUG_INFORMATION_FORMAT = dwarf;
				DEVELOPMENT_TEAM = 5BPT297B5D;
				ENABLE_STRICT_OBJC_MSGSEND = YES;
				ENABLE_TESTABILITY = YES;
				ENABLE_USER_SCRIPT_SANDBOXING = YES;
				GCC_C_LANGUAGE_STANDARD = gnu17;
				GCC_DYNAMIC_NO_PIC = NO;
				GCC_NO_COMMON_BLOCKS = YES;
				GCC_OPTIMIZATION_LEVEL = 0;
				GCC_PREPROCESSOR_DEFINITIONS = (
					"DEBUG=1",
					"$(inherited)",
				);
				GCC_WARN_64_TO_32_BIT_CONVERSION = YES;
				GCC_WARN_ABOUT_RETURN_TYPE = YES_ERROR;
				GCC_WARN_UNDECLARED_SELECTOR = YES;
				GCC_WARN_UNINITIALIZED_AUTOS = YES_AGGRESSIVE;
				GCC_WARN_UNUSED_FUNCTION = YES;
				GCC_WARN_UNUSED_VARIABLE = YES;
				IPHONEOS_DEPLOYMENT_TARGET = 18.5;
				LOCALIZATION_PREFERS_STRING_CATALOGS = YES;
				MTL_ENABLE_DEBUG_INFO = INCLUDE_SOURCE;
				MTL_FAST_MATH = YES;
				ONLY_ACTIVE_ARCH = YES;
				SDKROOT = iphoneos;
				SWIFT_ACTIVE_COMPILATION_CONDITIONS = "DEBUG $(inherited)";
				SWIFT_OPTIMIZATION_LEVEL = "-Onone";
			};
			name = Debug;
		};
		CE59A5AC2DFB1D2900C2B727 /* Release */ = {
			isa = XCBuildConfiguration;
			buildSettings = {
				ALWAYS_SEARCH_USER_PATHS = NO;
				ASSETCATALOG_COMPILER_GENERATE_SWIFT_ASSET_SYMBOL_EXTENSIONS = YES;
				CLANG_ANALYZER_NONNULL = YES;
				CLANG_ANALYZER_NUMBER_OBJECT_CONVERSION = YES_AGGRESSIVE;
				CLANG_CXX_LANGUAGE_STANDARD = "gnu++20";
				CLANG_ENABLE_MODULES = YES;
				CLANG_ENABLE_OBJC_ARC = YES;
				CLANG_ENABLE_OBJC_WEAK = YES;
				CLANG_WARN_BLOCK_CAPTURE_AUTORELEASING = YES;
				CLANG_WARN_BOOL_CONVERSION = YES;
				CLANG_WARN_COMMA = YES;
				CLANG_WARN_CONSTANT_CONVERSION = YES;
				CLANG_WARN_DEPRECATED_OBJC_IMPLEMENTATIONS = YES;
				CLANG_WARN_DIRECT_OBJC_ISA_USAGE = YES_ERROR;
				CLANG_WARN_DOCUMENTATION_COMMENTS = YES;
				CLANG_WARN_EMPTY_BODY = YES;
				CLANG_WARN_ENUM_CONVERSION = YES;
				CLANG_WARN_INFINITE_RECURSION = YES;
				CLANG_WARN_INT_CONVERSION = YES;
				CLANG_WARN_NON_LITERAL_NULL_CONVERSION = YES;
				CLANG_WARN_OBJC_IMPLICIT_RETAIN_SELF = YES;
				CLANG_WARN_OBJC_LITERAL_CONVERSION = YES;
				CLANG_WARN_OBJC_ROOT_CLASS = YES_ERROR;
				CLANG_WARN_QUOTED_INCLUDE_IN_FRAMEWORK_HEADER = YES;
				CLANG_WARN_RANGE_LOOP_ANALYSIS = YES;
				CLANG_WARN_STRICT_PROTOTYPES = YES;
				CLANG_WARN_SUSPICIOUS_MOVE = YES;
				CLANG_WARN_UNGUARDED_AVAILABILITY = YES_AGGRESSIVE;
				CLANG_WARN_UNREACHABLE_CODE = YES;
				CLANG_WARN__DUPLICATE_METHOD_MATCH = YES;
				COPY_PHASE_STRIP = NO;
				DEBUG_INFORMATION_FORMAT = "dwarf-with-dsym";
				DEVELOPMENT_TEAM = 5BPT297B5D;
				ENABLE_NS_ASSERTIONS = NO;
				ENABLE_STRICT_OBJC_MSGSEND = YES;
				ENABLE_USER_SCRIPT_SANDBOXING = YES;
				GCC_C_LANGUAGE_STANDARD = gnu17;
				GCC_NO_COMMON_BLOCKS = YES;
				GCC_WARN_64_TO_32_BIT_CONVERSION = YES;
				GCC_WARN_ABOUT_RETURN_TYPE = YES_ERROR;
				GCC_WARN_UNDECLARED_SELECTOR = YES;
				GCC_WARN_UNINITIALIZED_AUTOS = YES_AGGRESSIVE;
				GCC_WARN_UNUSED_FUNCTION = YES;
				GCC_WARN_UNUSED_VARIABLE = YES;
				IPHONEOS_DEPLOYMENT_TARGET = 18.5;
				LOCALIZATION_PREFERS_STRING_CATALOGS = YES;
				MTL_ENABLE_DEBUG_INFO = NO;
				MTL_FAST_MATH = YES;
				SDKROOT = iphoneos;
				SWIFT_COMPILATION_MODE = wholemodule;
				VALIDATE_PRODUCT = YES;
			};
			name = Release;
		};
		CE59A5AE2DFB1D2900C2B727 /* Debug */ = {
			isa = XCBuildConfiguration;
			buildSettings = {
				ASSETCATALOG_COMPILER_APPICON_NAME = AppIcon;
				ASSETCATALOG_COMPILER_GLOBAL_ACCENT_COLOR_NAME = AccentColor;
				CODE_SIGN_STYLE = Automatic;
				CURRENT_PROJECT_VERSION = 1;
				DEVELOPMENT_TEAM = 5BPT297B5D;
				ENABLE_PREVIEWS = YES;
				GENERATE_INFOPLIST_FILE = YES;
				INFOPLIST_KEY_UIApplicationSceneManifest_Generation = YES;
				INFOPLIST_KEY_UIApplicationSupportsIndirectInputEvents = YES;
				INFOPLIST_KEY_UILaunchScreen_Generation = YES;
				INFOPLIST_KEY_UISupportedInterfaceOrientations_iPad = "UIInterfaceOrientationPortrait UIInterfaceOrientationPortraitUpsideDown UIInterfaceOrientationLandscapeLeft UIInterfaceOrientationLandscapeRight";
				INFOPLIST_KEY_UISupportedInterfaceOrientations_iPhone = "UIInterfaceOrientationPortrait UIInterfaceOrientationLandscapeLeft UIInterfaceOrientationLandscapeRight";
				LD_RUNPATH_SEARCH_PATHS = (
					"$(inherited)",
					"@executable_path/Frameworks",
				);
				MARKETING_VERSION = 1.0;
				PRODUCT_BUNDLE_IDENTIFIER = my.takealook;
				PRODUCT_NAME = "$(TARGET_NAME)";
				SWIFT_EMIT_LOC_STRINGS = YES;
				SWIFT_VERSION = 5.0;
				TARGETED_DEVICE_FAMILY = "1,2";
			};
			name = Debug;
		};
		CE59A5AF2DFB1D2900C2B727 /* Release */ = {
			isa = XCBuildConfiguration;
			buildSettings = {
				ASSETCATALOG_COMPILER_APPICON_NAME = AppIcon;
				ASSETCATALOG_COMPILER_GLOBAL_ACCENT_COLOR_NAME = AccentColor;
				CODE_SIGN_STYLE = Automatic;
				CURRENT_PROJECT_VERSION = 1;
				DEVELOPMENT_TEAM = 5BPT297B5D;
				ENABLE_PREVIEWS = YES;
				GENERATE_INFOPLIST_FILE = YES;
				INFOPLIST_KEY_UIApplicationSceneManifest_Generation = YES;
				INFOPLIST_KEY_UIApplicationSupportsIndirectInputEvents = YES;
				INFOPLIST_KEY_UILaunchScreen_Generation = YES;
				INFOPLIST_KEY_UISupportedInterfaceOrientations_iPad = "UIInterfaceOrientationPortrait UIInterfaceOrientationPortraitUpsideDown UIInterfaceOrientationLandscapeLeft UIInterfaceOrientationLandscapeRight";
				INFOPLIST_KEY_UISupportedInterfaceOrientations_iPhone = "UIInterfaceOrientationPortrait UIInterfaceOrientationLandscapeLeft UIInterfaceOrientationLandscapeRight";
				LD_RUNPATH_SEARCH_PATHS = (
					"$(inherited)",
					"@executable_path/Frameworks",
				);
				MARKETING_VERSION = 1.0;
				PRODUCT_BUNDLE_IDENTIFIER = my.takealook;
				PRODUCT_NAME = "$(TARGET_NAME)";
				SWIFT_EMIT_LOC_STRINGS = YES;
				SWIFT_VERSION = 5.0;
				TARGETED_DEVICE_FAMILY = "1,2";
			};
			name = Release;
		};
		CE59A5B12DFB1D2900C2B727 /* Debug */ = {
			isa = XCBuildConfiguration;
			buildSettings = {
				BUNDLE_LOADER = "$(TEST_HOST)";
				CODE_SIGN_STYLE = Automatic;
				CURRENT_PROJECT_VERSION = 1;
				DEVELOPMENT_TEAM = 5BPT297B5D;
				GENERATE_INFOPLIST_FILE = YES;
				IPHONEOS_DEPLOYMENT_TARGET = 18.5;
				MARKETING_VERSION = 1.0;
				PRODUCT_BUNDLE_IDENTIFIER = com.easternkite.takealookTests;
				PRODUCT_NAME = "$(TARGET_NAME)";
				SWIFT_EMIT_LOC_STRINGS = NO;
				SWIFT_VERSION = 5.0;
				TARGETED_DEVICE_FAMILY = "1,2";
				TEST_HOST = "$(BUILT_PRODUCTS_DIR)/takealook.app/$(BUNDLE_EXECUTABLE_FOLDER_PATH)/takealook";
			};
			name = Debug;
		};
		CE59A5B22DFB1D2900C2B727 /* Release */ = {
			isa = XCBuildConfiguration;
			buildSettings = {
				BUNDLE_LOADER = "$(TEST_HOST)";
				CODE_SIGN_STYLE = Automatic;
				CURRENT_PROJECT_VERSION = 1;
				DEVELOPMENT_TEAM = 5BPT297B5D;
				GENERATE_INFOPLIST_FILE = YES;
				IPHONEOS_DEPLOYMENT_TARGET = 18.5;
				MARKETING_VERSION = 1.0;
				PRODUCT_BUNDLE_IDENTIFIER = com.easternkite.takealookTests;
				PRODUCT_NAME = "$(TARGET_NAME)";
				SWIFT_EMIT_LOC_STRINGS = NO;
				SWIFT_VERSION = 5.0;
				TARGETED_DEVICE_FAMILY = "1,2";
				TEST_HOST = "$(BUILT_PRODUCTS_DIR)/takealook.app/$(BUNDLE_EXECUTABLE_FOLDER_PATH)/takealook";
			};
			name = Release;
		};
		CE59A5B42DFB1D2900C2B727 /* Debug */ = {
			isa = XCBuildConfiguration;
			buildSettings = {
				CODE_SIGN_STYLE = Automatic;
				CURRENT_PROJECT_VERSION = 1;
				DEVELOPMENT_TEAM = 5BPT297B5D;
				GENERATE_INFOPLIST_FILE = YES;
				MARKETING_VERSION = 1.0;
				PRODUCT_BUNDLE_IDENTIFIER = com.easternkite.takealookUITests;
				PRODUCT_NAME = "$(TARGET_NAME)";
				SWIFT_EMIT_LOC_STRINGS = NO;
				SWIFT_VERSION = 5.0;
				TARGETED_DEVICE_FAMILY = "1,2";
				TEST_TARGET_NAME = takealook;
			};
			name = Debug;
		};
		CE59A5B52DFB1D2900C2B727 /* Release */ = {
			isa = XCBuildConfiguration;
			buildSettings = {
				CODE_SIGN_STYLE = Automatic;
				CURRENT_PROJECT_VERSION = 1;
				DEVELOPMENT_TEAM = 5BPT297B5D;
				GENERATE_INFOPLIST_FILE = YES;
				MARKETING_VERSION = 1.0;
				PRODUCT_BUNDLE_IDENTIFIER = com.easternkite.takealookUITests;
				PRODUCT_NAME = "$(TARGET_NAME)";
				SWIFT_EMIT_LOC_STRINGS = NO;
				SWIFT_VERSION = 5.0;
				TARGETED_DEVICE_FAMILY = "1,2";
				TEST_TARGET_NAME = takealook;
			};
			name = Release;
		};
/* End XCBuildConfiguration section */

/* Begin XCConfigurationList section */
		CE59A5872DFB1D2800C2B727 /* Build configuration list for PBXProject "takealook" */ = {
			isa = XCConfigurationList;
			buildConfigurations = (
				CE59A5AB2DFB1D2900C2B727 /* Debug */,
				CE59A5AC2DFB1D2900C2B727 /* Release */,
			);
			defaultConfigurationIsVisible = 0;
			defaultConfigurationName = Release;
		};
		CE59A5AD2DFB1D2900C2B727 /* Build configuration list for PBXNativeTarget "takealook" */ = {
			isa = XCConfigurationList;
			buildConfigurations = (
				CE59A5AE2DFB1D2900C2B727 /* Debug */,
				CE59A5AF2DFB1D2900C2B727 /* Release */,
			);
			defaultConfigurationIsVisible = 0;
			defaultConfigurationName = Release;
		};
		CE59A5B02DFB1D2900C2B727 /* Build configuration list for PBXNativeTarget "takealookTests" */ = {
			isa = XCConfigurationList;
			buildConfigurations = (
				CE59A5B12DFB1D2900C2B727 /* Debug */,
				CE59A5B22DFB1D2900C2B727 /* Release */,
			);
			defaultConfigurationIsVisible = 0;
			defaultConfigurationName = Release;
		};
		CE59A5B32DFB1D2900C2B727 /* Build configuration list for PBXNativeTarget "takealookUITests" */ = {
			isa = XCConfigurationList;
			buildConfigurations = (
				CE59A5B42DFB1D2900C2B727 /* Debug */,
				CE59A5B52DFB1D2900C2B727 /* Release */,
			);
			defaultConfigurationIsVisible = 0;
			defaultConfigurationName = Release;
		};
/* End XCConfigurationList section */

/* Begin XCRemoteSwiftPackageReference section */
		CE1265062E673D76005113CD /* XCRemoteSwiftPackageReference "Alamofire" */ = {
			isa = XCRemoteSwiftPackageReference;
			repositoryURL = "https://github.com/Alamofire/Alamofire";
			requirement = {
				kind = upToNextMajorVersion;
				minimumVersion = 5.10.2;
			};
		};
/* End XCRemoteSwiftPackageReference section */

/* Begin XCSwiftPackageProductDependency section */
		CE12650A2E673F6E005113CD /* Alamofire */ = {
			isa = XCSwiftPackageProductDependency;
			package = CE1265062E673D76005113CD /* XCRemoteSwiftPackageReference "Alamofire" */;
			productName = Alamofire;
		};
/* End XCSwiftPackageProductDependency section */
	};
	rootObject = CE59A5842DFB1D2800C2B727 /* Project object */;
}
